
Microsoft Visual Studio Solution File, Format Version 12.00
# Visual Studio Version 16
VisualStudioVersion = 16.0.28822.285
MinimumVisualStudioVersion = 10.0.40219.1
Project("{FAE04EC0-301F-11D3-BF4B-00C04F79EFBC}") = "proyecto3parcial", "proyecto3parcial\proyecto3parcial.csproj", "{949A8E63-26D7-487A-931B-1610B76395C8}"
EndProject
Global
	GlobalSection(SolutionConfigurationPlatforms) = preSolution
		Debug|Any CPU = Debug|Any CPU
		Release|Any CPU = Release|Any CPU
	EndGlobalSection
	GlobalSection(ProjectConfigurationPlatforms) = postSolution
		{949A8E63-26D7-487A-931B-1610B76395C8}.Debug|Any CPU.ActiveCfg = Debug|Any CPU
		{949A8E63-26D7-487A-931B-1610B76395C8}.Debug|Any CPU.Build.0 = Debug|Any CPU
		{949A8E63-26D7-487A-931B-1610B76395C8}.Release|Any CPU.ActiveCfg = Release|Any CPU
		{949A8E63-26D7-487A-931B-1610B76395C8}.Release|Any CPU.Build.0 = Release|Any CPU
	EndGlobalSection
	GlobalSection(SolutionProperties) = preSolution
		HideSolutionNode = FALSE
	EndGlobalSection
	GlobalSection(ExtensibilityGlobals) = postSolution
		SolutionGuid = {0E4E0F7D-2A2D-4BC5-A60C-3C66EAF5005F}
	EndGlobalSection
EndGlobal
